
Microsoft Visual Studio Solution File, Format Version 12.00
Project("{FAE04EC0-301F-11D3-BF4B-00C04F79EFBC}") = "proba", "proba\proba.csproj", "{F6203101-FC85-4246-87D0-44E7E7EE39EE}"
EndProject
Global
	GlobalSection(SolutionConfigurationPlatforms) = preSolution
		Debug|Any CPU = Debug|Any CPU
		Release|Any CPU = Release|Any CPU
	EndGlobalSection
	GlobalSection(ProjectConfigurationPlatforms) = postSolution
		{F6203101-FC85-4246-87D0-44E7E7EE39EE}.Debug|Any CPU.ActiveCfg = Debug|Any CPU
		{F6203101-FC85-4246-87D0-44E7E7EE39EE}.Debug|Any CPU.Build.0 = Debug|Any CPU
		{F6203101-FC85-4246-87D0-44E7E7EE39EE}.Release|Any CPU.ActiveCfg = Release|Any CPU
		{F6203101-FC85-4246-87D0-44E7E7EE39EE}.Release|Any CPU.Build.0 = Release|Any CPU
	EndGlobalSection
EndGlobal
